// !$*UTF8*$!
{
	archiveVersion = 1;
	classes = {
	};
	objectVersion = 46;
	objects = {

/* Begin PBXBuildFile section */
		24240DE31F4A8F5D007D98A0 /* FencedAnnotation.swift in Sources */ = {isa = PBXBuildFile; fileRef = 24240DE21F4A8F5D007D98A0 /* FencedAnnotation.swift */; };
		24240DE51F4A9202007D98A0 /* monashCau.gpx in Resources */ = {isa = PBXBuildFile; fileRef = 24240DE41F4A9202007D98A0 /* monashCau.gpx */; };
		24240DE71F4BF7CC007D98A0 /* home.gpx in Resources */ = {isa = PBXBuildFile; fileRef = 24240DE61F4BF7CC007D98A0 /* home.gpx */; };
		24240DE91F4BFAF0007D98A0 /* remoteplace.gpx in Resources */ = {isa = PBXBuildFile; fileRef = 24240DE81F4BFAF0007D98A0 /* remoteplace.gpx */; };
		2440D0ED1F3D6FE100F06BFA /* AddRestaurantController.swift in Sources */ = {isa = PBXBuildFile; fileRef = 2440D0EC1F3D6FE100F06BFA /* AddRestaurantController.swift */; };
		2440D0EF1F3D97DB00F06BFA /* EditRestaurantViewController.swift in Sources */ = {isa = PBXBuildFile; fileRef = 2440D0EE1F3D97DB00F06BFA /* EditRestaurantViewController.swift */; };
		2440D1281F4141B100F06BFA /* CoreData.framework in Frameworks */ = {isa = PBXBuildFile; fileRef = 2440D1271F4141B100F06BFA /* CoreData.framework */; };
		2440D12B1F41422F00F06BFA /* Assignment1.xcdatamodeld in Sources */ = {isa = PBXBuildFile; fileRef = 2440D1291F41422F00F06BFA /* Assignment1.xcdatamodeld */; };
		2440D1381F41447200F06BFA /* Category+CoreDataClass.swift in Sources */ = {isa = PBXBuildFile; fileRef = 2440D1341F41447200F06BFA /* Category+CoreDataClass.swift */; };
		2440D1391F41447200F06BFA /* Category+CoreDataProperties.swift in Sources */ = {isa = PBXBuildFile; fileRef = 2440D1351F41447200F06BFA /* Category+CoreDataProperties.swift */; };
		2440D13A1F41447200F06BFA /* Restaurant+CoreDataClass.swift in Sources */ = {isa = PBXBuildFile; fileRef = 2440D1361F41447200F06BFA /* Restaurant+CoreDataClass.swift */; };
		2440D13B1F41447200F06BFA /* Restaurant+CoreDataProperties.swift in Sources */ = {isa = PBXBuildFile; fileRef = 2440D1371F41447200F06BFA /* Restaurant+CoreDataProperties.swift */; };
		24484FCC1F36D23F0035795B /* AppDelegate.swift in Sources */ = {isa = PBXBuildFile; fileRef = 24484FCB1F36D23F0035795B /* AppDelegate.swift */; };
		24484FD11F36D23F0035795B /* Main.storyboard in Resources */ = {isa = PBXBuildFile; fileRef = 24484FCF1F36D23F0035795B /* Main.storyboard */; };
		24484FD31F36D23F0035795B /* Assets.xcassets in Resources */ = {isa = PBXBuildFile; fileRef = 24484FD21F36D23F0035795B /* Assets.xcassets */; };
		24484FD61F36D23F0035795B /* LaunchScreen.storyboard in Resources */ = {isa = PBXBuildFile; fileRef = 24484FD41F36D23F0035795B /* LaunchScreen.storyboard */; };
		24484FE11F36D2400035795B /* RestauantLocatorTests.swift in Sources */ = {isa = PBXBuildFile; fileRef = 24484FE01F36D2400035795B /* RestauantLocatorTests.swift */; };
		24484FEC1F36D2400035795B /* RestauantLocatorUITests.swift in Sources */ = {isa = PBXBuildFile; fileRef = 24484FEB1F36D2400035795B /* RestauantLocatorUITests.swift */; };
		244850281F39790C0035795B /* CategoriesController.swift in Sources */ = {isa = PBXBuildFile; fileRef = 244850271F39790C0035795B /* CategoriesController.swift */; };
		2448502A1F3979510035795B /* CategoriesCell.swift in Sources */ = {isa = PBXBuildFile; fileRef = 244850291F3979510035795B /* CategoriesCell.swift */; };
		2448502C1F39796F0035795B /* OneCategoryCell.swift in Sources */ = {isa = PBXBuildFile; fileRef = 2448502B1F39796E0035795B /* OneCategoryCell.swift */; };
		2448502E1F3979850035795B /* OneCategoryController.swift in Sources */ = {isa = PBXBuildFile; fileRef = 2448502D1F3979850035795B /* OneCategoryController.swift */; };
		244850321F39B6040035795B /* OneRestaurantController.swift in Sources */ = {isa = PBXBuildFile; fileRef = 244850311F39B6040035795B /* OneRestaurantController.swift */; };
		244850351F3B35890035795B /* MapKit.framework in Frameworks */ = {isa = PBXBuildFile; fileRef = 244850341F3B35890035795B /* MapKit.framework */; };
		244850371F3B3E270035795B /* OneRestaurantCell.swift in Sources */ = {isa = PBXBuildFile; fileRef = 244850361F3B3E270035795B /* OneRestaurantCell.swift */; };
		2448503D1F3C1E320035795B /* AddCategoryController.swift in Sources */ = {isa = PBXBuildFile; fileRef = 2448503C1F3C1E320035795B /* AddCategoryController.swift */; };
		2448503F1F3C646D0035795B /* EditCategoryViewController.swift in Sources */ = {isa = PBXBuildFile; fileRef = 2448503E1F3C646D0035795B /* EditCategoryViewController.swift */; };
		245F86461F52A8770038E36D /* MapViewController.swift in Sources */ = {isa = PBXBuildFile; fileRef = 245F86451F52A8770038E36D /* MapViewController.swift */; };
/* End PBXBuildFile section */

/* Begin PBXContainerItemProxy section */
		24484FDD1F36D2400035795B /* PBXContainerItemProxy */ = {
			isa = PBXContainerItemProxy;
			containerPortal = 24484FC01F36D23F0035795B /* Project object */;
			proxyType = 1;
			remoteGlobalIDString = 24484FC71F36D23F0035795B;
			remoteInfo = RestauantLocator;
		};
		24484FE81F36D2400035795B /* PBXContainerItemProxy */ = {
			isa = PBXContainerItemProxy;
			containerPortal = 24484FC01F36D23F0035795B /* Project object */;
			proxyType = 1;
			remoteGlobalIDString = 24484FC71F36D23F0035795B;
			remoteInfo = RestauantLocator;
		};
/* End PBXContainerItemProxy section */

/* Begin PBXFileReference section */
		24240DE21F4A8F5D007D98A0 /* FencedAnnotation.swift */ = {isa = PBXFileReference; fileEncoding = 4; lastKnownFileType = sourcecode.swift; path = FencedAnnotation.swift; sourceTree = "<group>"; };
		24240DE41F4A9202007D98A0 /* monashCau.gpx */ = {isa = PBXFileReference; fileEncoding = 4; lastKnownFileType = text.xml; name = monashCau.gpx; path = ../monashCau.gpx; sourceTree = "<group>"; };
		24240DE61F4BF7CC007D98A0 /* home.gpx */ = {isa = PBXFileReference; fileEncoding = 4; lastKnownFileType = text.xml; name = home.gpx; path = ../home.gpx; sourceTree = "<group>"; };
		24240DE81F4BFAF0007D98A0 /* remoteplace.gpx */ = {isa = PBXFileReference; fileEncoding = 4; lastKnownFileType = text.xml; name = remoteplace.gpx; path = ../remoteplace.gpx; sourceTree = "<group>"; };
		2440D0EC1F3D6FE100F06BFA /* AddRestaurantController.swift */ = {isa = PBXFileReference; fileEncoding = 4; lastKnownFileType = sourcecode.swift; path = AddRestaurantController.swift; sourceTree = "<group>"; };
		2440D0EE1F3D97DB00F06BFA /* EditRestaurantViewController.swift */ = {isa = PBXFileReference; fileEncoding = 4; lastKnownFileType = sourcecode.swift; path = EditRestaurantViewController.swift; sourceTree = "<group>"; };
		2440D1271F4141B100F06BFA /* CoreData.framework */ = {isa = PBXFileReference; lastKnownFileType = wrapper.framework; name = CoreData.framework; path = System/Library/Frameworks/CoreData.framework; sourceTree = SDKROOT; };
		2440D12A1F41422F00F06BFA /* Assignment1.xcdatamodel */ = {isa = PBXFileReference; lastKnownFileType = wrapper.xcdatamodel; path = Assignment1.xcdatamodel; sourceTree = "<group>"; };
		2440D1341F41447200F06BFA /* Category+CoreDataClass.swift */ = {isa = PBXFileReference; fileEncoding = 4; lastKnownFileType = sourcecode.swift; path = "Category+CoreDataClass.swift"; sourceTree = "<group>"; };
		2440D1351F41447200F06BFA /* Category+CoreDataProperties.swift */ = {isa = PBXFileReference; fileEncoding = 4; lastKnownFileType = sourcecode.swift; path = "Category+CoreDataProperties.swift"; sourceTree = "<group>"; };
		2440D1361F41447200F06BFA /* Restaurant+CoreDataClass.swift */ = {isa = PBXFileReference; fileEncoding = 4; lastKnownFileType = sourcecode.swift; path = "Restaurant+CoreDataClass.swift"; sourceTree = "<group>"; };
		2440D1371F41447200F06BFA /* Restaurant+CoreDataProperties.swift */ = {isa = PBXFileReference; fileEncoding = 4; lastKnownFileType = sourcecode.swift; path = "Restaurant+CoreDataProperties.swift"; sourceTree = "<group>"; };
		24484FC81F36D23F0035795B /* RestauantLocator.app */ = {isa = PBXFileReference; explicitFileType = wrapper.application; includeInIndex = 0; path = RestauantLocator.app; sourceTree = BUILT_PRODUCTS_DIR; };
		24484FCB1F36D23F0035795B /* AppDelegate.swift */ = {isa = PBXFileReference; lastKnownFileType = sourcecode.swift; path = AppDelegate.swift; sourceTree = "<group>"; };
		24484FD01F36D23F0035795B /* Base */ = {isa = PBXFileReference; lastKnownFileType = file.storyboard; name = Base; path = Base.lproj/Main.storyboard; sourceTree = "<group>"; };
		24484FD21F36D23F0035795B /* Assets.xcassets */ = {isa = PBXFileReference; lastKnownFileType = folder.assetcatalog; path = Assets.xcassets; sourceTree = "<group>"; };
		24484FD51F36D23F0035795B /* Base */ = {isa = PBXFileReference; lastKnownFileType = file.storyboard; name = Base; path = Base.lproj/LaunchScreen.storyboard; sourceTree = "<group>"; };
		24484FD71F36D23F0035795B /* Info.plist */ = {isa = PBXFileReference; lastKnownFileType = text.plist.xml; path = Info.plist; sourceTree = "<group>"; };
		24484FDC1F36D2400035795B /* RestauantLocatorTests.xctest */ = {isa = PBXFileReference; explicitFileType = wrapper.cfbundle; includeInIndex = 0; path = RestauantLocatorTests.xctest; sourceTree = BUILT_PRODUCTS_DIR; };
		24484FE01F36D2400035795B /* RestauantLocatorTests.swift */ = {isa = PBXFileReference; lastKnownFileType = sourcecode.swift; path = RestauantLocatorTests.swift; sourceTree = "<group>"; };
		24484FE21F36D2400035795B /* Info.plist */ = {isa = PBXFileReference; lastKnownFileType = text.plist.xml; path = Info.plist; sourceTree = "<group>"; };
		24484FE71F36D2400035795B /* RestauantLocatorUITests.xctest */ = {isa = PBXFileReference; explicitFileType = wrapper.cfbundle; includeInIndex = 0; path = RestauantLocatorUITests.xctest; sourceTree = BUILT_PRODUCTS_DIR; };
		24484FEB1F36D2400035795B /* RestauantLocatorUITests.swift */ = {isa = PBXFileReference; lastKnownFileType = sourcecode.swift; path = RestauantLocatorUITests.swift; sourceTree = "<group>"; };
		24484FED1F36D2400035795B /* Info.plist */ = {isa = PBXFileReference; lastKnownFileType = text.plist.xml; path = Info.plist; sourceTree = "<group>"; };
		244850271F39790C0035795B /* CategoriesController.swift */ = {isa = PBXFileReference; fileEncoding = 4; lastKnownFileType = sourcecode.swift; path = CategoriesController.swift; sourceTree = "<group>"; };
		244850291F3979510035795B /* CategoriesCell.swift */ = {isa = PBXFileReference; fileEncoding = 4; lastKnownFileType = sourcecode.swift; path = CategoriesCell.swift; sourceTree = "<group>"; };
		2448502B1F39796E0035795B /* OneCategoryCell.swift */ = {isa = PBXFileReference; fileEncoding = 4; lastKnownFileType = sourcecode.swift; path = OneCategoryCell.swift; sourceTree = "<group>"; };
		2448502D1F3979850035795B /* OneCategoryController.swift */ = {isa = PBXFileReference; fileEncoding = 4; lastKnownFileType = sourcecode.swift; path = OneCategoryController.swift; sourceTree = "<group>"; };
		244850311F39B6040035795B /* OneRestaurantController.swift */ = {isa = PBXFileReference; fileEncoding = 4; lastKnownFileType = sourcecode.swift; path = OneRestaurantController.swift; sourceTree = "<group>"; };
		244850341F3B35890035795B /* MapKit.framework */ = {isa = PBXFileReference; lastKnownFileType = wrapper.framework; name = MapKit.framework; path = System/Library/Frameworks/MapKit.framework; sourceTree = SDKROOT; };
		244850361F3B3E270035795B /* OneRestaurantCell.swift */ = {isa = PBXFileReference; fileEncoding = 4; lastKnownFileType = sourcecode.swift; path = OneRestaurantCell.swift; sourceTree = "<group>"; };
		2448503C1F3C1E320035795B /* AddCategoryController.swift */ = {isa = PBXFileReference; fileEncoding = 4; lastKnownFileType = sourcecode.swift; path = AddCategoryController.swift; sourceTree = "<group>"; };
		2448503E1F3C646D0035795B /* EditCategoryViewController.swift */ = {isa = PBXFileReference; fileEncoding = 4; lastKnownFileType = sourcecode.swift; path = EditCategoryViewController.swift; sourceTree = "<group>"; };
		245F86451F52A8770038E36D /* MapViewController.swift */ = {isa = PBXFileReference; fileEncoding = 4; lastKnownFileType = sourcecode.swift; path = MapViewController.swift; sourceTree = "<group>"; };
/* End PBXFileReference section */

/* Begin PBXFrameworksBuildPhase section */
		24484FC51F36D23F0035795B /* Frameworks */ = {
			isa = PBXFrameworksBuildPhase;
			buildActionMask = 2147483647;
			files = (
				2440D1281F4141B100F06BFA /* CoreData.framework in Frameworks */,
				244850351F3B35890035795B /* MapKit.framework in Frameworks */,
			);
			runOnlyForDeploymentPostprocessing = 0;
		};
		24484FD91F36D2400035795B /* Frameworks */ = {
			isa = PBXFrameworksBuildPhase;
			buildActionMask = 2147483647;
			files = (
			);
			runOnlyForDeploymentPostprocessing = 0;
		};
		24484FE41F36D2400035795B /* Frameworks */ = {
			isa = PBXFrameworksBuildPhase;
			buildActionMask = 2147483647;
			files = (
			);
			runOnlyForDeploymentPostprocessing = 0;
		};
/* End PBXFrameworksBuildPhase section */

/* Begin PBXGroup section */
		24484FBF1F36D23F0035795B = {
			isa = PBXGroup;
			children = (
				24240DE81F4BFAF0007D98A0 /* remoteplace.gpx */,
				24240DE61F4BF7CC007D98A0 /* home.gpx */,
				24240DE41F4A9202007D98A0 /* monashCau.gpx */,
				24484FCA1F36D23F0035795B /* RestauantLocator */,
				24484FDF1F36D2400035795B /* RestauantLocatorTests */,
				24484FEA1F36D2400035795B /* RestauantLocatorUITests */,
				24484FC91F36D23F0035795B /* Products */,
				244850331F3B35890035795B /* Frameworks */,
			);
			sourceTree = "<group>";
		};
		24484FC91F36D23F0035795B /* Products */ = {
			isa = PBXGroup;
			children = (
				24484FC81F36D23F0035795B /* RestauantLocator.app */,
				24484FDC1F36D2400035795B /* RestauantLocatorTests.xctest */,
				24484FE71F36D2400035795B /* RestauantLocatorUITests.xctest */,
			);
			name = Products;
			sourceTree = "<group>";
		};
		24484FCA1F36D23F0035795B /* RestauantLocator */ = {
			isa = PBXGroup;
			children = (
				24484FCB1F36D23F0035795B /* AppDelegate.swift */,
				24484FCF1F36D23F0035795B /* Main.storyboard */,
				2440D1341F41447200F06BFA /* Category+CoreDataClass.swift */,
				2440D1351F41447200F06BFA /* Category+CoreDataProperties.swift */,
				2440D1361F41447200F06BFA /* Restaurant+CoreDataClass.swift */,
				2440D1371F41447200F06BFA /* Restaurant+CoreDataProperties.swift */,
				2448503C1F3C1E320035795B /* AddCategoryController.swift */,
				2448503E1F3C646D0035795B /* EditCategoryViewController.swift */,
				244850271F39790C0035795B /* CategoriesController.swift */,
				244850291F3979510035795B /* CategoriesCell.swift */,
				2440D0EE1F3D97DB00F06BFA /* EditRestaurantViewController.swift */,
				2440D0EC1F3D6FE100F06BFA /* AddRestaurantController.swift */,
				2448502B1F39796E0035795B /* OneCategoryCell.swift */,
				2448502D1F3979850035795B /* OneCategoryController.swift */,
				244850361F3B3E270035795B /* OneRestaurantCell.swift */,
				244850311F39B6040035795B /* OneRestaurantController.swift */,
				24484FD21F36D23F0035795B /* Assets.xcassets */,
				24484FD41F36D23F0035795B /* LaunchScreen.storyboard */,
				24484FD71F36D23F0035795B /* Info.plist */,
				2440D1291F41422F00F06BFA /* Assignment1.xcdatamodeld */,
				24240DE21F4A8F5D007D98A0 /* FencedAnnotation.swift */,
				245F86451F52A8770038E36D /* MapViewController.swift */,
			);
			path = RestauantLocator;
			sourceTree = "<group>";
		};
		24484FDF1F36D2400035795B /* RestauantLocatorTests */ = {
			isa = PBXGroup;
			children = (
				24484FE01F36D2400035795B /* RestauantLocatorTests.swift */,
				24484FE21F36D2400035795B /* Info.plist */,
			);
			path = RestauantLocatorTests;
			sourceTree = "<group>";
		};
		24484FEA1F36D2400035795B /* RestauantLocatorUITests */ = {
			isa = PBXGroup;
			children = (
				24484FEB1F36D2400035795B /* RestauantLocatorUITests.swift */,
				24484FED1F36D2400035795B /* Info.plist */,
			);
			path = RestauantLocatorUITests;
			sourceTree = "<group>";
		};
		244850331F3B35890035795B /* Frameworks */ = {
			isa = PBXGroup;
			children = (
				2440D1271F4141B100F06BFA /* CoreData.framework */,
				244850341F3B35890035795B /* MapKit.framework */,
			);
			name = Frameworks;
			sourceTree = "<group>";
		};
/* End PBXGroup section */

/* Begin PBXNativeTarget section */
		24484FC71F36D23F0035795B /* RestauantLocator */ = {
			isa = PBXNativeTarget;
			buildConfigurationList = 24484FF01F36D2400035795B /* Build configuration list for PBXNativeTarget "RestauantLocator" */;
			buildPhases = (
				24484FC41F36D23F0035795B /* Sources */,
				24484FC51F36D23F0035795B /* Frameworks */,
				24484FC61F36D23F0035795B /* Resources */,
			);
			buildRules = (
			);
			dependencies = (
			);
			name = RestauantLocator;
			productName = RestauantLocator;
			productReference = 24484FC81F36D23F0035795B /* RestauantLocator.app */;
			productType = "com.apple.product-type.application";
		};
		24484FDB1F36D2400035795B /* RestauantLocatorTests */ = {
			isa = PBXNativeTarget;
			buildConfigurationList = 24484FF31F36D2400035795B /* Build configuration list for PBXNativeTarget "RestauantLocatorTests" */;
			buildPhases = (
				24484FD81F36D2400035795B /* Sources */,
				24484FD91F36D2400035795B /* Frameworks */,
				24484FDA1F36D2400035795B /* Resources */,
			);
			buildRules = (
			);
			dependencies = (
				24484FDE1F36D2400035795B /* PBXTargetDependency */,
			);
			name = RestauantLocatorTests;
			productName = RestauantLocatorTests;
			productReference = 24484FDC1F36D2400035795B /* RestauantLocatorTests.xctest */;
			productType = "com.apple.product-type.bundle.unit-test";
		};
		24484FE61F36D2400035795B /* RestauantLocatorUITests */ = {
			isa = PBXNativeTarget;
			buildConfigurationList = 24484FF61F36D2400035795B /* Build configuration list for PBXNativeTarget "RestauantLocatorUITests" */;
			buildPhases = (
				24484FE31F36D2400035795B /* Sources */,
				24484FE41F36D2400035795B /* Frameworks */,
				24484FE51F36D2400035795B /* Resources */,
			);
			buildRules = (
			);
			dependencies = (
				24484FE91F36D2400035795B /* PBXTargetDependency */,
			);
			name = RestauantLocatorUITests;
			productName = RestauantLocatorUITests;
			productReference = 24484FE71F36D2400035795B /* RestauantLocatorUITests.xctest */;
			productType = "com.apple.product-type.bundle.ui-testing";
		};
/* End PBXNativeTarget section */

/* Begin PBXProject section */
		24484FC01F36D23F0035795B /* Project object */ = {
			isa = PBXProject;
			attributes = {
				LastSwiftUpdateCheck = 0830;
				LastUpgradeCheck = 0830;
				ORGANIZATIONNAME = "duo pan";
				TargetAttributes = {
					24484FC71F36D23F0035795B = {
						CreatedOnToolsVersion = 8.3.3;
						DevelopmentTeam = 4KR69MB8K9;
						ProvisioningStyle = Automatic;
						SystemCapabilities = {
							com.apple.Maps.iOS = {
								enabled = 1;
							};
						};
					};
					24484FDB1F36D2400035795B = {
						CreatedOnToolsVersion = 8.3.3;
						DevelopmentTeam = 4KR69MB8K9;
						ProvisioningStyle = Automatic;
						TestTargetID = 24484FC71F36D23F0035795B;
					};
					24484FE61F36D2400035795B = {
						CreatedOnToolsVersion = 8.3.3;
						DevelopmentTeam = 4KR69MB8K9;
						ProvisioningStyle = Automatic;
						TestTargetID = 24484FC71F36D23F0035795B;
					};
				};
			};
			buildConfigurationList = 24484FC31F36D23F0035795B /* Build configuration list for PBXProject "RestauantLocator" */;
			compatibilityVersion = "Xcode 3.2";
			developmentRegion = English;
			hasScannedForEncodings = 0;
			knownRegions = (
				en,
				Base,
			);
			mainGroup = 24484FBF1F36D23F0035795B;
			productRefGroup = 24484FC91F36D23F0035795B /* Products */;
			projectDirPath = "";
			projectRoot = "";
			targets = (
				24484FC71F36D23F0035795B /* RestauantLocator */,
				24484FDB1F36D2400035795B /* RestauantLocatorTests */,
				24484FE61F36D2400035795B /* RestauantLocatorUITests */,
			);
		};
/* End PBXProject section */

/* Begin PBXResourcesBuildPhase section */
		24484FC61F36D23F0035795B /* Resources */ = {
			isa = PBXResourcesBuildPhase;
			buildActionMask = 2147483647;
			files = (
				24484FD61F36D23F0035795B /* LaunchScreen.storyboard in Resources */,
				24240DE71F4BF7CC007D98A0 /* home.gpx in Resources */,
				24240DE51F4A9202007D98A0 /* monashCau.gpx in Resources */,
				24484FD31F36D23F0035795B /* Assets.xcassets in Resources */,
				24484FD11F36D23F0035795B /* Main.storyboard in Resources */,
				24240DE91F4BFAF0007D98A0 /* remoteplace.gpx in Resources */,
			);
			runOnlyForDeploymentPostprocessing = 0;
		};
		24484FDA1F36D2400035795B /* Resources */ = {
			isa = PBXResourcesBuildPhase;
			buildActionMask = 2147483647;
			files = (
			);
			runOnlyForDeploymentPostprocessing = 0;
		};
		24484FE51F36D2400035795B /* Resources */ = {
			isa = PBXResourcesBuildPhase;
			buildActionMask = 2147483647;
			files = (
			);
			runOnlyForDeploymentPostprocessing = 0;
		};
/* End PBXResourcesBuildPhase section */

/* Begin PBXSourcesBuildPhase section */
		24484FC41F36D23F0035795B /* Sources */ = {
			isa = PBXSourcesBuildPhase;
			buildActionMask = 2147483647;
			files = (
				2448502E1F3979850035795B /* OneCategoryController.swift in Sources */,
				2448502A1F3979510035795B /* CategoriesCell.swift in Sources */,
				24484FCC1F36D23F0035795B /* AppDelegate.swift in Sources */,
				2448503F1F3C646D0035795B /* EditCategoryViewController.swift in Sources */,
				2448502C1F39796F0035795B /* OneCategoryCell.swift in Sources */,
				2440D13B1F41447200F06BFA /* Restaurant+CoreDataProperties.swift in Sources */,
				2440D12B1F41422F00F06BFA /* Assignment1.xcdatamodeld in Sources */,
				2440D0ED1F3D6FE100F06BFA /* AddRestaurantController.swift in Sources */,
				2440D0EF1F3D97DB00F06BFA /* EditRestaurantViewController.swift in Sources */,
				244850281F39790C0035795B /* CategoriesController.swift in Sources */,
				24240DE31F4A8F5D007D98A0 /* FencedAnnotation.swift in Sources */,
				2448503D1F3C1E320035795B /* AddCategoryController.swift in Sources */,
				244850371F3B3E270035795B /* OneRestaurantCell.swift in Sources */,
				245F86461F52A8770038E36D /* MapViewController.swift in Sources */,
				2440D13A1F41447200F06BFA /* Restaurant+CoreDataClass.swift in Sources */,
				2440D1381F41447200F06BFA /* Category+CoreDataClass.swift in Sources */,
				244850321F39B6040035795B /* OneRestaurantController.swift in Sources */,
				2440D1391F41447200F06BFA /* Category+CoreDataProperties.swift in Sources */,
			);
			runOnlyForDeploymentPostprocessing = 0;
		};
		24484FD81F36D2400035795B /* Sources */ = {
			isa = PBXSourcesBuildPhase;
			buildActionMask = 2147483647;
			files = (
				24484FE11F36D2400035795B /* RestauantLocatorTests.swift in Sources */,
			);
			runOnlyForDeploymentPostprocessing = 0;
		};
		24484FE31F36D2400035795B /* Sources */ = {
			isa = PBXSourcesBuildPhase;
			buildActionMask = 2147483647;
			files = (
				24484FEC1F36D2400035795B /* RestauantLocatorUITests.swift in Sources */,
			);
			runOnlyForDeploymentPostprocessing = 0;
		};
/* End PBXSourcesBuildPhase section */

/* Begin PBXTargetDependency section */
		24484FDE1F36D2400035795B /* PBXTargetDependency */ = {
			isa = PBXTargetDependency;
			target = 24484FC71F36D23F0035795B /* RestauantLocator */;
			targetProxy = 24484FDD1F36D2400035795B /* PBXContainerItemProxy */;
		};
		24484FE91F36D2400035795B /* PBXTargetDependency */ = {
			isa = PBXTargetDependency;
			target = 24484FC71F36D23F0035795B /* RestauantLocator */;
			targetProxy = 24484FE81F36D2400035795B /* PBXContainerItemProxy */;
		};
/* End PBXTargetDependency section */

/* Begin PBXVariantGroup section */
		24484FCF1F36D23F0035795B /* Main.storyboard */ = {
			isa = PBXVariantGroup;
			children = (
				24484FD01F36D23F0035795B /* Base */,
			);
			name = Main.storyboard;
			sourceTree = "<group>";
		};
		24484FD41F36D23F0035795B /* LaunchScreen.storyboard */ = {
			isa = PBXVariantGroup;
			children = (
				24484FD51F36D23F0035795B /* Base */,
			);
			name = LaunchScreen.storyboard;
			sourceTree = "<group>";
		};
/* End PBXVariantGroup section */

/* Begin XCBuildConfiguration section */
		24484FEE1F36D2400035795B /* Debug */ = {
			isa = XCBuildConfiguration;
			buildSettings = {
				ALWAYS_SEARCH_USER_PATHS = NO;
				CLANG_ANALYZER_NONNULL = YES;
				CLANG_ANALYZER_NUMBER_OBJECT_CONVERSION = YES_AGGRESSIVE;
				CLANG_CXX_LANGUAGE_STANDARD = "gnu++0x";
				CLANG_CXX_LIBRARY = "libc++";
				CLANG_ENABLE_MODULES = YES;
				CLANG_ENABLE_OBJC_ARC = YES;
				CLANG_WARN_BOOL_CONVERSION = YES;
				CLANG_WARN_CONSTANT_CONVERSION = YES;
				CLANG_WARN_DIRECT_OBJC_ISA_USAGE = YES_ERROR;
				CLANG_WARN_DOCUMENTATION_COMMENTS = YES;
				CLANG_WARN_EMPTY_BODY = YES;
				CLANG_WARN_ENUM_CONVERSION = YES;
				CLANG_WARN_INFINITE_RECURSION = YES;
				CLANG_WARN_INT_CONVERSION = YES;
				CLANG_WARN_OBJC_ROOT_CLASS = YES_ERROR;
				CLANG_WARN_SUSPICIOUS_MOVE = YES;
				CLANG_WARN_UNREACHABLE_CODE = YES;
				CLANG_WARN__DUPLICATE_METHOD_MATCH = YES;
				"CODE_SIGN_IDENTITY[sdk=iphoneos*]" = "iPhone Developer";
				COPY_PHASE_STRIP = NO;
				DEBUG_INFORMATION_FORMAT = dwarf;
				ENABLE_STRICT_OBJC_MSGSEND = YES;
				ENABLE_TESTABILITY = YES;
				GCC_C_LANGUAGE_STANDARD = gnu99;
				GCC_DYNAMIC_NO_PIC = NO;
				GCC_NO_COMMON_BLOCKS = YES;
				GCC_OPTIMIZATION_LEVEL = 0;
				GCC_PREPROCESSOR_DEFINITIONS = (
					"DEBUG=1",
					"$(inherited)",
				);
				GCC_WARN_64_TO_32_BIT_CONVERSION = YES;
				GCC_WARN_ABOUT_RETURN_TYPE = YES_ERROR;
				GCC_WARN_UNDECLARED_SELECTOR = YES;
				GCC_WARN_UNINITIALIZED_AUTOS = YES_AGGRESSIVE;
				GCC_WARN_UNUSED_FUNCTION = YES;
				GCC_WARN_UNUSED_VARIABLE = YES;
				IPHONEOS_DEPLOYMENT_TARGET = 10.3;
				MTL_ENABLE_DEBUG_INFO = YES;
				ONLY_ACTIVE_ARCH = YES;
				SDKROOT = iphoneos;
				SWIFT_ACTIVE_COMPILATION_CONDITIONS = DEBUG;
				SWIFT_OPTIMIZATION_LEVEL = "-Onone";
			};
			name = Debug;
		};
		24484FEF1F36D2400035795B /* Release */ = {
			isa = XCBuildConfiguration;
			buildSettings = {
				ALWAYS_SEARCH_USER_PATHS = NO;
				CLANG_ANALYZER_NONNULL = YES;
				CLANG_ANALYZER_NUMBER_OBJECT_CONVERSION = YES_AGGRESSIVE;
				CLANG_CXX_LANGUAGE_STANDARD = "gnu++0x";
				CLANG_CXX_LIBRARY = "libc++";
				CLANG_ENABLE_MODULES = YES;
				CLANG_ENABLE_OBJC_ARC = YES;
				CLANG_WARN_BOOL_CONVERSION = YES;
				CLANG_WARN_CONSTANT_CONVERSION = YES;
				CLANG_WARN_DIRECT_OBJC_ISA_USAGE = YES_ERROR;
				CLANG_WARN_DOCUMENTATION_COMMENTS = YES;
				CLANG_WARN_EMPTY_BODY = YES;
				CLANG_WARN_ENUM_CONVERSION = YES;
				CLANG_WARN_INFINITE_RECURSION = YES;
				CLANG_WARN_INT_CONVERSION = YES;
				CLANG_WARN_OBJC_ROOT_CLASS = YES_ERROR;
				CLANG_WARN_SUSPICIOUS_MOVE = YES;
				CLANG_WARN_UNREACHABLE_CODE = YES;
				CLANG_WARN__DUPLICATE_METHOD_MATCH = YES;
				"CODE_SIGN_IDENTITY[sdk=iphoneos*]" = "iPhone Developer";
				COPY_PHASE_STRIP = NO;
				DEBUG_INFORMATION_FORMAT = "dwarf-with-dsym";
				ENABLE_NS_ASSERTIONS = NO;
				ENABLE_STRICT_OBJC_MSGSEND = YES;
				GCC_C_LANGUAGE_STANDARD = gnu99;
				GCC_NO_COMMON_BLOCKS = YES;
				GCC_WARN_64_TO_32_BIT_CONVERSION = YES;
				GCC_WARN_ABOUT_RETURN_TYPE = YES_ERROR;
				GCC_WARN_UNDECLARED_SELECTOR = YES;
				GCC_WARN_UNINITIALIZED_AUTOS = YES_AGGRESSIVE;
				GCC_WARN_UNUSED_FUNCTION = YES;
				GCC_WARN_UNUSED_VARIABLE = YES;
				IPHONEOS_DEPLOYMENT_TARGET = 10.3;
				MTL_ENABLE_DEBUG_INFO = NO;
				SDKROOT = iphoneos;
				SWIFT_OPTIMIZATION_LEVEL = "-Owholemodule";
				VALIDATE_PRODUCT = YES;
			};
			name = Release;
		};
		24484FF11F36D2400035795B /* Debug */ = {
			isa = XCBuildConfiguration;
			buildSettings = {
				ASSETCATALOG_COMPILER_APPICON_NAME = AppIcon;
				DEVELOPMENT_TEAM = 4KR69MB8K9;
				INFOPLIST_FILE = RestauantLocator/Info.plist;
				LD_RUNPATH_SEARCH_PATHS = "$(inherited) @executable_path/Frameworks";
				PRODUCT_BUNDLE_IDENTIFIER = Monash.RestauantLocator;
				PRODUCT_NAME = "$(TARGET_NAME)";
				SWIFT_VERSION = 3.0;
			};
			name = Debug;
		};
		24484FF21F36D2400035795B /* Release */ = {
			isa = XCBuildConfiguration;
			buildSettings = {
				ASSETCATALOG_COMPILER_APPICON_NAME = AppIcon;
				DEVELOPMENT_TEAM = 4KR69MB8K9;
				INFOPLIST_FILE = RestauantLocator/Info.plist;
				LD_RUNPATH_SEARCH_PATHS = "$(inherited) @executable_path/Frameworks";
				PRODUCT_BUNDLE_IDENTIFIER = Monash.RestauantLocator;
				PRODUCT_NAME = "$(TARGET_NAME)";
				SWIFT_VERSION = 3.0;
			};
			name = Release;
		};
		24484FF41F36D2400035795B /* Debug */ = {
			isa = XCBuildConfiguration;
			buildSettings = {
				ALWAYS_EMBED_SWIFT_STANDARD_LIBRARIES = YES;
				BUNDLE_LOADER = "$(TEST_HOST)";
				DEVELOPMENT_TEAM = 4KR69MB8K9;
				INFOPLIST_FILE = RestauantLocatorTests/Info.plist;
				LD_RUNPATH_SEARCH_PATHS = "$(inherited) @executable_path/Frameworks @loader_path/Frameworks";
				PRODUCT_BUNDLE_IDENTIFIER = Monash.RestauantLocatorTests;
				PRODUCT_NAME = "$(TARGET_NAME)";
				SWIFT_VERSION = 3.0;
				TEST_HOST = "$(BUILT_PRODUCTS_DIR)/RestauantLocator.app/RestauantLocator";
			};
			name = Debug;
		};
		24484FF51F36D2400035795B /* Release */ = {
			isa = XCBuildConfiguration;
			buildSettings = {
				ALWAYS_EMBED_SWIFT_STANDARD_LIBRARIES = YES;
				BUNDLE_LOADER = "$(TEST_HOST)";
				DEVELOPMENT_TEAM = 4KR69MB8K9;
				INFOPLIST_FILE = RestauantLocatorTests/Info.plist;
				LD_RUNPATH_SEARCH_PATHS = "$(inherited) @executable_path/Frameworks @loader_path/Frameworks";
				PRODUCT_BUNDLE_IDENTIFIER = Monash.RestauantLocatorTests;
				PRODUCT_NAME = "$(TARGET_NAME)";
				SWIFT_VERSION = 3.0;
				TEST_HOST = "$(BUILT_PRODUCTS_DIR)/RestauantLocator.app/RestauantLocator";
			};
			name = Release;
		};
		24484FF71F36D2400035795B /* Debug */ = {
			isa = XCBuildConfiguration;
			buildSettings = {
				ALWAYS_EMBED_SWIFT_STANDARD_LIBRARIES = YES;
				DEVELOPMENT_TEAM = 4KR69MB8K9;
				INFOPLIST_FILE = RestauantLocatorUITests/Info.plist;
				LD_RUNPATH_SEARCH_PATHS = "$(inherited) @executable_path/Frameworks @loader_path/Frameworks";
				PRODUCT_BUNDLE_IDENTIFIER = Monash.RestauantLocatorUITests;
				PRODUCT_NAME = "$(TARGET_NAME)";
				SWIFT_VERSION = 3.0;
				TEST_TARGET_NAME = RestauantLocator;
			};
			name = Debug;
		};
		24484FF81F36D2400035795B /* Release */ = {
			isa = XCBuildConfiguration;
			buildSettings = {
				ALWAYS_EMBED_SWIFT_STANDARD_LIBRARIES = YES;
				DEVELOPMENT_TEAM = 4KR69MB8K9;
				INFOPLIST_FILE = RestauantLocatorUITests/Info.plist;
				LD_RUNPATH_SEARCH_PATHS = "$(inherited) @executable_path/Frameworks @loader_path/Frameworks";
				PRODUCT_BUNDLE_IDENTIFIER = Monash.RestauantLocatorUITests;
				PRODUCT_NAME = "$(TARGET_NAME)";
				SWIFT_VERSION = 3.0;
				TEST_TARGET_NAME = RestauantLocator;
			};
			name = Release;
		};
/* End XCBuildConfiguration section */

/* Begin XCConfigurationList section */
		24484FC31F36D23F0035795B /* Build configuration list for PBXProject "RestauantLocator" */ = {
			isa = XCConfigurationList;
			buildConfigurations = (
				24484FEE1F36D2400035795B /* Debug */,
				24484FEF1F36D2400035795B /* Release */,
			);
			defaultConfigurationIsVisible = 0;
			defaultConfigurationName = Release;
		};
		24484FF01F36D2400035795B /* Build configuration list for PBXNativeTarget "RestauantLocator" */ = {
			isa = XCConfigurationList;
			buildConfigurations = (
				24484FF11F36D2400035795B /* Debug */,
				24484FF21F36D2400035795B /* Release */,
			);
			defaultConfigurationIsVisible = 0;
			defaultConfigurationName = Release;
		};
		24484FF31F36D2400035795B /* Build configuration list for PBXNativeTarget "RestauantLocatorTests" */ = {
			isa = XCConfigurationList;
			buildConfigurations = (
				24484FF41F36D2400035795B /* Debug */,
				24484FF51F36D2400035795B /* Release */,
			);
			defaultConfigurationIsVisible = 0;
			defaultConfigurationName = Release;
		};
		24484FF61F36D2400035795B /* Build configuration list for PBXNativeTarget "RestauantLocatorUITests" */ = {
			isa = XCConfigurationList;
			buildConfigurations = (
				24484FF71F36D2400035795B /* Debug */,
				24484FF81F36D2400035795B /* Release */,
			);
			defaultConfigurationIsVisible = 0;
			defaultConfigurationName = Release;
		};
/* End XCConfigurationList section */

/* Begin XCVersionGroup section */
		2440D1291F41422F00F06BFA /* Assignment1.xcdatamodeld */ = {
			isa = XCVersionGroup;
			children = (
				2440D12A1F41422F00F06BFA /* Assignment1.xcdatamodel */,
			);
			currentVersion = 2440D12A1F41422F00F06BFA /* Assignment1.xcdatamodel */;
			path = Assignment1.xcdatamodeld;
			sourceTree = "<group>";
			versionGroupType = wrapper.xcdatamodel;
		};
/* End XCVersionGroup section */
	};
	rootObject = 24484FC01F36D23F0035795B /* Project object */;
}
